
Microsoft Visual Studio Solution File, Format Version 12.00
# Visual Studio Version 16
VisualStudioVersion = 16.0.29215.179
MinimumVisualStudioVersion = 10.0.40219.1
Project("{FAE04EC0-301F-11D3-BF4B-00C04F79EFBC}") = "StudentClassProject", "StudentClassProject\StudentClassProject.csproj", "{76EB9BE1-9911-438F-9D0F-A3A94FB0A99B}"
EndProject
Global
	GlobalSection(SolutionConfigurationPlatforms) = preSolution
		Debug|Any CPU = Debug|Any CPU
		Release|Any CPU = Release|Any CPU
	EndGlobalSection
	GlobalSection(ProjectConfigurationPlatforms) = postSolution
		{76EB9BE1-9911-438F-9D0F-A3A94FB0A99B}.Debug|Any CPU.ActiveCfg = Debug|Any CPU
		{76EB9BE1-9911-438F-9D0F-A3A94FB0A99B}.Debug|Any CPU.Build.0 = Debug|Any CPU
		{76EB9BE1-9911-438F-9D0F-A3A94FB0A99B}.Release|Any CPU.ActiveCfg = Release|Any CPU
		{76EB9BE1-9911-438F-9D0F-A3A94FB0A99B}.Release|Any CPU.Build.0 = Release|Any CPU
	EndGlobalSection
	GlobalSection(SolutionProperties) = preSolution
		HideSolutionNode = FALSE
	EndGlobalSection
	GlobalSection(ExtensibilityGlobals) = postSolution
		SolutionGuid = {946D5433-8703-4379-B2EC-D0F5423AA7CC}
	EndGlobalSection
EndGlobal
